
Microsoft Visual Studio Solution File, Format Version 12.00
# Visual Studio Version 17
VisualStudioVersion = 17.10.34928.147
MinimumVisualStudioVersion = 10.0.40219.1
Project("{FAE04EC0-301F-11D3-BF4B-00C04F79EFBC}") = "RabbitMqProductAPI", "RabbitMqProductAPI\RabbitMqProductAPI.csproj", "{7A0E8D64-FBB5-48F5-9D92-7FE7F3F0D939}"
EndProject
Project("{FAE04EC0-301F-11D3-BF4B-00C04F79EFBC}") = "RabitMQProduct.ConsoleApplication", "RabitMQProduct.ConsoleApplication\RabitMQProduct.ConsoleApplication.csproj", "{CF9A553D-B4F7-41D2-9963-87198739A8F5}"
EndProject
Global
	GlobalSection(SolutionConfigurationPlatforms) = preSolution
		Debug|Any CPU = Debug|Any CPU
		Release|Any CPU = Release|Any CPU
	EndGlobalSection
	GlobalSection(ProjectConfigurationPlatforms) = postSolution
		{7A0E8D64-FBB5-48F5-9D92-7FE7F3F0D939}.Debug|Any CPU.ActiveCfg = Debug|Any CPU
		{7A0E8D64-FBB5-48F5-9D92-7FE7F3F0D939}.Debug|Any CPU.Build.0 = Debug|Any CPU
		{7A0E8D64-FBB5-48F5-9D92-7FE7F3F0D939}.Release|Any CPU.ActiveCfg = Release|Any CPU
		{7A0E8D64-FBB5-48F5-9D92-7FE7F3F0D939}.Release|Any CPU.Build.0 = Release|Any CPU
		{CF9A553D-B4F7-41D2-9963-87198739A8F5}.Debug|Any CPU.ActiveCfg = Debug|Any CPU
		{CF9A553D-B4F7-41D2-9963-87198739A8F5}.Debug|Any CPU.Build.0 = Debug|Any CPU
		{CF9A553D-B4F7-41D2-9963-87198739A8F5}.Release|Any CPU.ActiveCfg = Release|Any CPU
		{CF9A553D-B4F7-41D2-9963-87198739A8F5}.Release|Any CPU.Build.0 = Release|Any CPU
	EndGlobalSection
	GlobalSection(SolutionProperties) = preSolution
		HideSolutionNode = FALSE
	EndGlobalSection
	GlobalSection(ExtensibilityGlobals) = postSolution
		SolutionGuid = {10F84660-79AF-40AF-A962-4D7BC2B19501}
	EndGlobalSection
EndGlobal
